// !$*UTF8*$!
{
	archiveVersion = 1;
	classes = {
	};
	objectVersion = 46;
	objects = {

/* Begin PBXBuildFile section */
		583600821A2051E600F1DBB8 /* main.cpp in Sources */ = {isa = PBXBuildFile; fileRef = 583600811A2051E600F1DBB8 /* main.cpp */; };
		5836008A1A20612A00F1DBB8 /* hash.cpp in Sources */ = {isa = PBXBuildFile; fileRef = 583600881A20612A00F1DBB8 /* hash.cpp */; };
		5836008D1A2143C400F1DBB8 /* Dictionary.cpp in Sources */ = {isa = PBXBuildFile; fileRef = 5836008B1A2143C400F1DBB8 /* Dictionary.cpp */; };
		583600901A2449F600F1DBB8 /* SpellChecker.cpp in Sources */ = {isa = PBXBuildFile; fileRef = 5836008E1A2449F600F1DBB8 /* SpellChecker.cpp */; };
/* End PBXBuildFile section */

/* Begin PBXCopyFilesBuildPhase section */
		5836007C1A2051E600F1DBB8 /* CopyFiles */ = {
			isa = PBXCopyFilesBuildPhase;
			buildActionMask = 2147483647;
			dstPath = /usr/share/man/man1/;
			dstSubfolderSpec = 0;
			files = (
			);
			runOnlyForDeploymentPostprocessing = 1;
		};
/* End PBXCopyFilesBuildPhase section */

/* Begin PBXFileReference section */
		5836007E1A2051E600F1DBB8 /* Hashing */ = {isa = PBXFileReference; explicitFileType = "compiled.mach-o.executable"; includeInIndex = 0; path = Hashing; sourceTree = BUILT_PRODUCTS_DIR; };
		583600811A2051E600F1DBB8 /* main.cpp */ = {isa = PBXFileReference; lastKnownFileType = sourcecode.cpp.cpp; path = main.cpp; sourceTree = "<group>"; };
		583600881A20612A00F1DBB8 /* hash.cpp */ = {isa = PBXFileReference; fileEncoding = 4; lastKnownFileType = sourcecode.cpp.cpp; path = hash.cpp; sourceTree = "<group>"; };
		583600891A20612A00F1DBB8 /* hash.h */ = {isa = PBXFileReference; fileEncoding = 4; lastKnownFileType = sourcecode.c.h; path = hash.h; sourceTree = "<group>"; };
		5836008B1A2143C400F1DBB8 /* Dictionary.cpp */ = {isa = PBXFileReference; fileEncoding = 4; lastKnownFileType = sourcecode.cpp.cpp; path = Dictionary.cpp; sourceTree = "<group>"; };
		5836008C1A2143C400F1DBB8 /* Dictionary.h */ = {isa = PBXFileReference; fileEncoding = 4; lastKnownFileType = sourcecode.c.h; path = Dictionary.h; sourceTree = "<group>"; };
		5836008E1A2449F600F1DBB8 /* SpellChecker.cpp */ = {isa = PBXFileReference; fileEncoding = 4; lastKnownFileType = sourcecode.cpp.cpp; path = SpellChecker.cpp; sourceTree = "<group>"; };
		5836008F1A2449F600F1DBB8 /* SpellChecker.h */ = {isa = PBXFileReference; fileEncoding = 4; lastKnownFileType = sourcecode.c.h; path = SpellChecker.h; sourceTree = "<group>"; };
		58E013CF1A269178005D3130 /* wordlist */ = {isa = PBXFileReference; fileEncoding = 4; lastKnownFileType = text; path = wordlist; sourceTree = "<group>"; };
/* End PBXFileReference section */

/* Begin PBXFrameworksBuildPhase section */
		5836007B1A2051E600F1DBB8 /* Frameworks */ = {
			isa = PBXFrameworksBuildPhase;
			buildActionMask = 2147483647;
			files = (
			);
			runOnlyForDeploymentPostprocessing = 0;
		};
/* End PBXFrameworksBuildPhase section */

/* Begin PBXGroup section */
		583600751A2051E600F1DBB8 = {
			isa = PBXGroup;
			children = (
				583600801A2051E600F1DBB8 /* Hashing */,
				5836007F1A2051E600F1DBB8 /* Products */,
			);
			sourceTree = "<group>";
		};
		5836007F1A2051E600F1DBB8 /* Products */ = {
			isa = PBXGroup;
			children = (
				5836007E1A2051E600F1DBB8 /* Hashing */,
			);
			name = Products;
			sourceTree = "<group>";
		};
		583600801A2051E600F1DBB8 /* Hashing */ = {
			isa = PBXGroup;
			children = (
				583600811A2051E600F1DBB8 /* main.cpp */,
				583600881A20612A00F1DBB8 /* hash.cpp */,
				583600891A20612A00F1DBB8 /* hash.h */,
				5836008B1A2143C400F1DBB8 /* Dictionary.cpp */,
				5836008C1A2143C400F1DBB8 /* Dictionary.h */,
				5836008E1A2449F600F1DBB8 /* SpellChecker.cpp */,
				5836008F1A2449F600F1DBB8 /* SpellChecker.h */,
				58E013CF1A269178005D3130 /* wordlist */,
			);
			path = Hashing;
			sourceTree = "<group>";
		};
/* End PBXGroup section */

/* Begin PBXNativeTarget section */
		5836007D1A2051E600F1DBB8 /* Hashing */ = {
			isa = PBXNativeTarget;
			buildConfigurationList = 583600851A2051E600F1DBB8 /* Build configuration list for PBXNativeTarget "Hashing" */;
			buildPhases = (
				5836007A1A2051E600F1DBB8 /* Sources */,
				5836007B1A2051E600F1DBB8 /* Frameworks */,
				5836007C1A2051E600F1DBB8 /* CopyFiles */,
			);
			buildRules = (
			);
			dependencies = (
			);
			name = Hashing;
			productName = Hashing;
			productReference = 5836007E1A2051E600F1DBB8 /* Hashing */;
			productType = "com.apple.product-type.tool";
		};
/* End PBXNativeTarget section */

/* Begin PBXProject section */
		583600761A2051E600F1DBB8 /* Project object */ = {
			isa = PBXProject;
			attributes = {
				LastUpgradeCheck = 0610;
				ORGANIZATIONNAME = "Shiv chandra Kumar";
				TargetAttributes = {
					5836007D1A2051E600F1DBB8 = {
						CreatedOnToolsVersion = 6.1;
					};
				};
			};
			buildConfigurationList = 583600791A2051E600F1DBB8 /* Build configuration list for PBXProject "Hashing" */;
			compatibilityVersion = "Xcode 3.2";
			developmentRegion = English;
			hasScannedForEncodings = 0;
			knownRegions = (
				en,
			);
			mainGroup = 583600751A2051E600F1DBB8;
			productRefGroup = 5836007F1A2051E600F1DBB8 /* Products */;
			projectDirPath = "";
			projectRoot = "";
			targets = (
				5836007D1A2051E600F1DBB8 /* Hashing */,
			);
		};
/* End PBXProject section */

/* Begin PBXSourcesBuildPhase section */
		5836007A1A2051E600F1DBB8 /* Sources */ = {
			isa = PBXSourcesBuildPhase;
			buildActionMask = 2147483647;
			files = (
				583600821A2051E600F1DBB8 /* main.cpp in Sources */,
				5836008A1A20612A00F1DBB8 /* hash.cpp in Sources */,
				583600901A2449F600F1DBB8 /* SpellChecker.cpp in Sources */,
				5836008D1A2143C400F1DBB8 /* Dictionary.cpp in Sources */,
			);
			runOnlyForDeploymentPostprocessing = 0;
		};
/* End PBXSourcesBuildPhase section */

/* Begin XCBuildConfiguration section */
		583600831A2051E600F1DBB8 /* Debug */ = {
			isa = XCBuildConfiguration;
			buildSettings = {
				ALWAYS_SEARCH_USER_PATHS = NO;
				CLANG_CXX_LANGUAGE_STANDARD = "gnu++0x";
				CLANG_CXX_LIBRARY = "libc++";
				CLANG_ENABLE_MODULES = YES;
				CLANG_ENABLE_OBJC_ARC = YES;
				CLANG_WARN_BOOL_CONVERSION = YES;
				CLANG_WARN_CONSTANT_CONVERSION = YES;
				CLANG_WARN_DIRECT_OBJC_ISA_USAGE = YES_ERROR;
				CLANG_WARN_EMPTY_BODY = YES;
				CLANG_WARN_ENUM_CONVERSION = YES;
				CLANG_WARN_INT_CONVERSION = YES;
				CLANG_WARN_OBJC_ROOT_CLASS = YES_ERROR;
				CLANG_WARN_UNREACHABLE_CODE = YES;
				CLANG_WARN__DUPLICATE_METHOD_MATCH = YES;
				COPY_PHASE_STRIP = NO;
				ENABLE_STRICT_OBJC_MSGSEND = YES;
				GCC_C_LANGUAGE_STANDARD = gnu99;
				GCC_DYNAMIC_NO_PIC = NO;
				GCC_OPTIMIZATION_LEVEL = 0;
				GCC_PREPROCESSOR_DEFINITIONS = (
					"DEBUG=1",
					"$(inherited)",
				);
				GCC_SYMBOLS_PRIVATE_EXTERN = NO;
				GCC_WARN_64_TO_32_BIT_CONVERSION = YES;
				GCC_WARN_ABOUT_RETURN_TYPE = YES_ERROR;
				GCC_WARN_UNDECLARED_SELECTOR = YES;
				GCC_WARN_UNINITIALIZED_AUTOS = YES_AGGRESSIVE;
				GCC_WARN_UNUSED_FUNCTION = YES;
				GCC_WARN_UNUSED_VARIABLE = YES;
				MACOSX_DEPLOYMENT_TARGET = 10.10;
				MTL_ENABLE_DEBUG_INFO = YES;
				ONLY_ACTIVE_ARCH = YES;
				SDKROOT = macosx;
			};
			name = Debug;
		};
		583600841A2051E600F1DBB8 /* Release */ = {
			isa = XCBuildConfiguration;
			buildSettings = {
				ALWAYS_SEARCH_USER_PATHS = NO;
				CLANG_CXX_LANGUAGE_STANDARD = "gnu++0x";
				CLANG_CXX_LIBRARY = "libc++";
				CLANG_ENABLE_MODULES = YES;
				CLANG_ENABLE_OBJC_ARC = YES;
				CLANG_WARN_BOOL_CONVERSION = YES;
				CLANG_WARN_CONSTANT_CONVERSION = YES;
				CLANG_WARN_DIRECT_OBJC_ISA_USAGE = YES_ERROR;
				CLANG_WARN_EMPTY_BODY = YES;
				CLANG_WARN_ENUM_CONVERSION = YES;
				CLANG_WARN_INT_CONVERSION = YES;
				CLANG_WARN_OBJC_ROOT_CLASS = YES_ERROR;
				CLANG_WARN_UNREACHABLE_CODE = YES;
				CLANG_WARN__DUPLICATE_METHOD_MATCH = YES;
				COPY_PHASE_STRIP = YES;
				DEBUG_INFORMATION_FORMAT = "dwarf-with-dsym";
				ENABLE_NS_ASSERTIONS = NO;
				ENABLE_STRICT_OBJC_MSGSEND = YES;
				GCC_C_LANGUAGE_STANDARD = gnu99;
				GCC_WARN_64_TO_32_BIT_CONVERSION = YES;
				GCC_WARN_ABOUT_RETURN_TYPE = YES_ERROR;
				GCC_WARN_UNDECLARED_SELECTOR = YES;
				GCC_WARN_UNINITIALIZED_AUTOS = YES_AGGRESSIVE;
				GCC_WARN_UNUSED_FUNCTION = YES;
				GCC_WARN_UNUSED_VARIABLE = YES;
				MACOSX_DEPLOYMENT_TARGET = 10.10;
				MTL_ENABLE_DEBUG_INFO = NO;
				SDKROOT = macosx;
			};
			name = Release;
		};
		583600861A2051E600F1DBB8 /* Debug */ = {
			isa = XCBuildConfiguration;
			buildSettings = {
				PRODUCT_NAME = "$(TARGET_NAME)";
			};
			name = Debug;
		};
		583600871A2051E600F1DBB8 /* Release */ = {
			isa = XCBuildConfiguration;
			buildSettings = {
				PRODUCT_NAME = "$(TARGET_NAME)";
			};
			name = Release;
		};
/* End XCBuildConfiguration section */

/* Begin XCConfigurationList section */
		583600791A2051E600F1DBB8 /* Build configuration list for PBXProject "Hashing" */ = {
			isa = XCConfigurationList;
			buildConfigurations = (
				583600831A2051E600F1DBB8 /* Debug */,
				583600841A2051E600F1DBB8 /* Release */,
			);
			defaultConfigurationIsVisible = 0;
			defaultConfigurationName = Release;
		};
		583600851A2051E600F1DBB8 /* Build configuration list for PBXNativeTarget "Hashing" */ = {
			isa = XCConfigurationList;
			buildConfigurations = (
				583600861A2051E600F1DBB8 /* Debug */,
				583600871A2051E600F1DBB8 /* Release */,
			);
			defaultConfigurationIsVisible = 0;
			defaultConfigurationName = Release;
		};
/* End XCConfigurationList section */
	};
	rootObject = 583600761A2051E600F1DBB8 /* Project object */;
}
